# THIS IS AN AUTOGENERATED FILE. DO NOT EDIT THIS FILE DIRECTLY.
# yarn lockfile v1


"@faker-js/faker@7.4.0":
  version "7.4.0"
  resolved "https://registry.yarnpkg.com/@faker-js/faker/-/faker-7.4.0.tgz#cac720d860a89d487b47e55e66a4fd114f1d3fe5"
  integrity sha512-xDd3Tvkt2jgkx1LkuwwxpNBy/Oe+LkZBTwkgEFTiWpVSZgQ5sc/LenbHKRHbFl0dq/KFeeq/szyyPtpJRKY0fg==
